
Microsoft Visual Studio Solution File, Format Version 12.00
# Visual Studio 15
VisualStudioVersion = 15.0.26124.0
MinimumVisualStudioVersion = 15.0.26124.0
Project("{2150E333-8FDC-42A3-9474-1A3956D46DE8}") = "Capitulo-3", "Capitulo-3", "{F72A8E5C-305B-43A3-858E-990F80C9FAEF}"
EndProject
Project("{FAE04EC0-301F-11D3-BF4B-00C04F79EFBC}") = "Atributos", "Capitulo-3\1 - Atributos\Atributos.csproj", "{6356AEC7-92AA-4075-A666-370218878164}"
EndProject
Project("{FAE04EC0-301F-11D3-BF4B-00C04F79EFBC}") = "Propriedades", "Capitulo-3\2 - Propriedades\Propriedades.csproj", "{2ABD1941-2507-4140-BC03-3B11CB64AF3B}"
EndProject
Project("{FAE04EC0-301F-11D3-BF4B-00C04F79EFBC}") = "Metodos", "Capitulo-3\3 - Metodos\Metodos.csproj", "{5192CD86-3E97-4386-9100-6EA69A190E4C}"
EndProject
Project("{FAE04EC0-301F-11D3-BF4B-00C04F79EFBC}") = "Constantes", "Capitulo-3\4 - Constantes\Constantes.csproj", "{C00D1F70-B34C-43D9-AEEF-EE09E002320E}"
EndProject
Project("{FAE04EC0-301F-11D3-BF4B-00C04F79EFBC}") = "Enumeracoes", "Capitulo-3\5 - Enumeracoes\Enumeracoes.csproj", "{F654E7DD-A4C3-4DD9-A2FE-084CFDECDAEB}"
EndProject
Project("{FAE04EC0-301F-11D3-BF4B-00C04F79EFBC}") = "Namespaces", "Capitulo-3\6 - Namespaces\Namespaces.csproj", "{7E674A1F-29A7-421D-8C05-B46281B490A8}"
EndProject
Project("{FAE04EC0-301F-11D3-BF4B-00C04F79EFBC}") = "Arrays", "Capitulo-3\7 - Arrays\Arrays.csproj", "{855A01CD-E3DE-4C9B-BB72-7E013170B148}"
EndProject
Project("{2150E333-8FDC-42A3-9474-1A3956D46DE8}") = "Capitulo-4", "Capitulo-4", "{A9398477-C27B-4E95-A556-10150C4A858D}"
EndProject
Project("{FAE04EC0-301F-11D3-BF4B-00C04F79EFBC}") = "MembrosEstaticos", "Capitulo-4\1 - MembrosEstaticos\MembrosEstaticos.csproj", "{9FD6BBBE-B541-4159-A3CD-23E5570B9CE2}"
EndProject
Project("{FAE04EC0-301F-11D3-BF4B-00C04F79EFBC}") = "Colecoes", "Capitulo-4\2 - Colecoes\Colecoes.csproj", "{745B1EE1-9A38-4A0B-9886-1ECBFF6C8627}"
EndProject
Project("{FAE04EC0-301F-11D3-BF4B-00C04F79EFBC}") = "Heranca", "Capitulo-4\3 - Heranca\Heranca.csproj", "{931A6D81-6B0B-4704-89FE-2C5DF84BD69A}"
EndProject
Project("{FAE04EC0-301F-11D3-BF4B-00C04F79EFBC}") = "Interfaces", "Capitulo-4\4 - Interfaces\Interfaces.csproj", "{9909CF1C-A41B-42EE-8262-B6A5A96200AB}"
EndProject
Project("{FAE04EC0-301F-11D3-BF4B-00C04F79EFBC}") = "ClassesAbstratas", "Capitulo-4\5 - ClassesAbstratas\ClassesAbstratas.csproj", "{5EE5D034-769E-4592-9AB0-B48FC9C8C7B4}"
EndProject
Project("{FAE04EC0-301F-11D3-BF4B-00C04F79EFBC}") = "Polimorfismo", "Capitulo-4\6 - Polimorfismo\Polimorfismo.csproj", "{CF40FB9D-B1D1-4B55-9AA1-703979F17D50}"
EndProject
Project("{2150E333-8FDC-42A3-9474-1A3956D46DE8}") = "Capitulo-5", "Capitulo-5", "{B3F140A8-02C1-41AA-B33D-B1CEC31F5B3D}"
EndProject
Project("{FAE04EC0-301F-11D3-BF4B-00C04F79EFBC}") = "ExtensionMethods", "Capitulo-5\1 - ExtensionMethods\ExtensionMethods.csproj", "{E5C74F06-161F-4D76-A78A-D18CF050027F}"
EndProject
Project("{FAE04EC0-301F-11D3-BF4B-00C04F79EFBC}") = "ExemploAsyncAwait", "Capitulo-5\2 - AsyncAwait\ExemploAsyncAwait.csproj", "{A972A06C-0ABD-4C95-B379-7C66AF0EE524}"
EndProject
Project("{FAE04EC0-301F-11D3-BF4B-00C04F79EFBC}") = "Generics", "Capitulo-5\3 - Generics\Generics.csproj", "{BABBD922-9F0E-45F5-8C53-32EDA12A7489}"
EndProject
Project("{FAE04EC0-301F-11D3-BF4B-00C04F79EFBC}") = "LinqELambda", "Capitulo-5\4 - LinqELambda\LinqELambda.csproj", "{7893E1A9-A9EE-4110-A45E-3A3119CEBBDD}"
EndProject
Global
	GlobalSection(SolutionConfigurationPlatforms) = preSolution
		Debug|Any CPU = Debug|Any CPU
		Debug|x64 = Debug|x64
		Debug|x86 = Debug|x86
		Release|Any CPU = Release|Any CPU
		Release|x64 = Release|x64
		Release|x86 = Release|x86
	EndGlobalSection
	GlobalSection(SolutionProperties) = preSolution
		HideSolutionNode = FALSE
	EndGlobalSection
	GlobalSection(ProjectConfigurationPlatforms) = postSolution
		{6356AEC7-92AA-4075-A666-370218878164}.Debug|Any CPU.ActiveCfg = Debug|Any CPU
		{6356AEC7-92AA-4075-A666-370218878164}.Debug|Any CPU.Build.0 = Debug|Any CPU
		{6356AEC7-92AA-4075-A666-370218878164}.Debug|x64.ActiveCfg = Debug|Any CPU
		{6356AEC7-92AA-4075-A666-370218878164}.Debug|x64.Build.0 = Debug|Any CPU
		{6356AEC7-92AA-4075-A666-370218878164}.Debug|x86.ActiveCfg = Debug|Any CPU
		{6356AEC7-92AA-4075-A666-370218878164}.Debug|x86.Build.0 = Debug|Any CPU
		{6356AEC7-92AA-4075-A666-370218878164}.Release|Any CPU.ActiveCfg = Release|Any CPU
		{6356AEC7-92AA-4075-A666-370218878164}.Release|Any CPU.Build.0 = Release|Any CPU
		{6356AEC7-92AA-4075-A666-370218878164}.Release|x64.ActiveCfg = Release|Any CPU
		{6356AEC7-92AA-4075-A666-370218878164}.Release|x64.Build.0 = Release|Any CPU
		{6356AEC7-92AA-4075-A666-370218878164}.Release|x86.ActiveCfg = Release|Any CPU
		{6356AEC7-92AA-4075-A666-370218878164}.Release|x86.Build.0 = Release|Any CPU
		{2ABD1941-2507-4140-BC03-3B11CB64AF3B}.Debug|Any CPU.ActiveCfg = Debug|Any CPU
		{2ABD1941-2507-4140-BC03-3B11CB64AF3B}.Debug|Any CPU.Build.0 = Debug|Any CPU
		{2ABD1941-2507-4140-BC03-3B11CB64AF3B}.Debug|x64.ActiveCfg = Debug|Any CPU
		{2ABD1941-2507-4140-BC03-3B11CB64AF3B}.Debug|x64.Build.0 = Debug|Any CPU
		{2ABD1941-2507-4140-BC03-3B11CB64AF3B}.Debug|x86.ActiveCfg = Debug|Any CPU
		{2ABD1941-2507-4140-BC03-3B11CB64AF3B}.Debug|x86.Build.0 = Debug|Any CPU
		{2ABD1941-2507-4140-BC03-3B11CB64AF3B}.Release|Any CPU.ActiveCfg = Release|Any CPU
		{2ABD1941-2507-4140-BC03-3B11CB64AF3B}.Release|Any CPU.Build.0 = Release|Any CPU
		{2ABD1941-2507-4140-BC03-3B11CB64AF3B}.Release|x64.ActiveCfg = Release|Any CPU
		{2ABD1941-2507-4140-BC03-3B11CB64AF3B}.Release|x64.Build.0 = Release|Any CPU
		{2ABD1941-2507-4140-BC03-3B11CB64AF3B}.Release|x86.ActiveCfg = Release|Any CPU
		{2ABD1941-2507-4140-BC03-3B11CB64AF3B}.Release|x86.Build.0 = Release|Any CPU
		{5192CD86-3E97-4386-9100-6EA69A190E4C}.Debug|Any CPU.ActiveCfg = Debug|Any CPU
		{5192CD86-3E97-4386-9100-6EA69A190E4C}.Debug|Any CPU.Build.0 = Debug|Any CPU
		{5192CD86-3E97-4386-9100-6EA69A190E4C}.Debug|x64.ActiveCfg = Debug|Any CPU
		{5192CD86-3E97-4386-9100-6EA69A190E4C}.Debug|x64.Build.0 = Debug|Any CPU
		{5192CD86-3E97-4386-9100-6EA69A190E4C}.Debug|x86.ActiveCfg = Debug|Any CPU
		{5192CD86-3E97-4386-9100-6EA69A190E4C}.Debug|x86.Build.0 = Debug|Any CPU
		{5192CD86-3E97-4386-9100-6EA69A190E4C}.Release|Any CPU.ActiveCfg = Release|Any CPU
		{5192CD86-3E97-4386-9100-6EA69A190E4C}.Release|Any CPU.Build.0 = Release|Any CPU
		{5192CD86-3E97-4386-9100-6EA69A190E4C}.Release|x64.ActiveCfg = Release|Any CPU
		{5192CD86-3E97-4386-9100-6EA69A190E4C}.Release|x64.Build.0 = Release|Any CPU
		{5192CD86-3E97-4386-9100-6EA69A190E4C}.Release|x86.ActiveCfg = Release|Any CPU
		{5192CD86-3E97-4386-9100-6EA69A190E4C}.Release|x86.Build.0 = Release|Any CPU
		{C00D1F70-B34C-43D9-AEEF-EE09E002320E}.Debug|Any CPU.ActiveCfg = Debug|Any CPU
		{C00D1F70-B34C-43D9-AEEF-EE09E002320E}.Debug|Any CPU.Build.0 = Debug|Any CPU
		{C00D1F70-B34C-43D9-AEEF-EE09E002320E}.Debug|x64.ActiveCfg = Debug|Any CPU
		{C00D1F70-B34C-43D9-AEEF-EE09E002320E}.Debug|x64.Build.0 = Debug|Any CPU
		{C00D1F70-B34C-43D9-AEEF-EE09E002320E}.Debug|x86.ActiveCfg = Debug|Any CPU
		{C00D1F70-B34C-43D9-AEEF-EE09E002320E}.Debug|x86.Build.0 = Debug|Any CPU
		{C00D1F70-B34C-43D9-AEEF-EE09E002320E}.Release|Any CPU.ActiveCfg = Release|Any CPU
		{C00D1F70-B34C-43D9-AEEF-EE09E002320E}.Release|Any CPU.Build.0 = Release|Any CPU
		{C00D1F70-B34C-43D9-AEEF-EE09E002320E}.Release|x64.ActiveCfg = Release|Any CPU
		{C00D1F70-B34C-43D9-AEEF-EE09E002320E}.Release|x64.Build.0 = Release|Any CPU
		{C00D1F70-B34C-43D9-AEEF-EE09E002320E}.Release|x86.ActiveCfg = Release|Any CPU
		{C00D1F70-B34C-43D9-AEEF-EE09E002320E}.Release|x86.Build.0 = Release|Any CPU
		{F654E7DD-A4C3-4DD9-A2FE-084CFDECDAEB}.Debug|Any CPU.ActiveCfg = Debug|Any CPU
		{F654E7DD-A4C3-4DD9-A2FE-084CFDECDAEB}.Debug|Any CPU.Build.0 = Debug|Any CPU
		{F654E7DD-A4C3-4DD9-A2FE-084CFDECDAEB}.Debug|x64.ActiveCfg = Debug|Any CPU
		{F654E7DD-A4C3-4DD9-A2FE-084CFDECDAEB}.Debug|x64.Build.0 = Debug|Any CPU
		{F654E7DD-A4C3-4DD9-A2FE-084CFDECDAEB}.Debug|x86.ActiveCfg = Debug|Any CPU
		{F654E7DD-A4C3-4DD9-A2FE-084CFDECDAEB}.Debug|x86.Build.0 = Debug|Any CPU
		{F654E7DD-A4C3-4DD9-A2FE-084CFDECDAEB}.Release|Any CPU.ActiveCfg = Release|Any CPU
		{F654E7DD-A4C3-4DD9-A2FE-084CFDECDAEB}.Release|Any CPU.Build.0 = Release|Any CPU
		{F654E7DD-A4C3-4DD9-A2FE-084CFDECDAEB}.Release|x64.ActiveCfg = Release|Any CPU
		{F654E7DD-A4C3-4DD9-A2FE-084CFDECDAEB}.Release|x64.Build.0 = Release|Any CPU
		{F654E7DD-A4C3-4DD9-A2FE-084CFDECDAEB}.Release|x86.ActiveCfg = Release|Any CPU
		{F654E7DD-A4C3-4DD9-A2FE-084CFDECDAEB}.Release|x86.Build.0 = Release|Any CPU
		{7E674A1F-29A7-421D-8C05-B46281B490A8}.Debug|Any CPU.ActiveCfg = Debug|Any CPU
		{7E674A1F-29A7-421D-8C05-B46281B490A8}.Debug|Any CPU.Build.0 = Debug|Any CPU
		{7E674A1F-29A7-421D-8C05-B46281B490A8}.Debug|x64.ActiveCfg = Debug|Any CPU
		{7E674A1F-29A7-421D-8C05-B46281B490A8}.Debug|x64.Build.0 = Debug|Any CPU
		{7E674A1F-29A7-421D-8C05-B46281B490A8}.Debug|x86.ActiveCfg = Debug|Any CPU
		{7E674A1F-29A7-421D-8C05-B46281B490A8}.Debug|x86.Build.0 = Debug|Any CPU
		{7E674A1F-29A7-421D-8C05-B46281B490A8}.Release|Any CPU.ActiveCfg = Release|Any CPU
		{7E674A1F-29A7-421D-8C05-B46281B490A8}.Release|Any CPU.Build.0 = Release|Any CPU
		{7E674A1F-29A7-421D-8C05-B46281B490A8}.Release|x64.ActiveCfg = Release|Any CPU
		{7E674A1F-29A7-421D-8C05-B46281B490A8}.Release|x64.Build.0 = Release|Any CPU
		{7E674A1F-29A7-421D-8C05-B46281B490A8}.Release|x86.ActiveCfg = Release|Any CPU
		{7E674A1F-29A7-421D-8C05-B46281B490A8}.Release|x86.Build.0 = Release|Any CPU
		{855A01CD-E3DE-4C9B-BB72-7E013170B148}.Debug|Any CPU.ActiveCfg = Debug|Any CPU
		{855A01CD-E3DE-4C9B-BB72-7E013170B148}.Debug|Any CPU.Build.0 = Debug|Any CPU
		{855A01CD-E3DE-4C9B-BB72-7E013170B148}.Debug|x64.ActiveCfg = Debug|Any CPU
		{855A01CD-E3DE-4C9B-BB72-7E013170B148}.Debug|x64.Build.0 = Debug|Any CPU
		{855A01CD-E3DE-4C9B-BB72-7E013170B148}.Debug|x86.ActiveCfg = Debug|Any CPU
		{855A01CD-E3DE-4C9B-BB72-7E013170B148}.Debug|x86.Build.0 = Debug|Any CPU
		{855A01CD-E3DE-4C9B-BB72-7E013170B148}.Release|Any CPU.ActiveCfg = Release|Any CPU
		{855A01CD-E3DE-4C9B-BB72-7E013170B148}.Release|Any CPU.Build.0 = Release|Any CPU
		{855A01CD-E3DE-4C9B-BB72-7E013170B148}.Release|x64.ActiveCfg = Release|Any CPU
		{855A01CD-E3DE-4C9B-BB72-7E013170B148}.Release|x64.Build.0 = Release|Any CPU
		{855A01CD-E3DE-4C9B-BB72-7E013170B148}.Release|x86.ActiveCfg = Release|Any CPU
		{855A01CD-E3DE-4C9B-BB72-7E013170B148}.Release|x86.Build.0 = Release|Any CPU
		{9FD6BBBE-B541-4159-A3CD-23E5570B9CE2}.Debug|Any CPU.ActiveCfg = Debug|Any CPU
		{9FD6BBBE-B541-4159-A3CD-23E5570B9CE2}.Debug|Any CPU.Build.0 = Debug|Any CPU
		{9FD6BBBE-B541-4159-A3CD-23E5570B9CE2}.Debug|x64.ActiveCfg = Debug|Any CPU
		{9FD6BBBE-B541-4159-A3CD-23E5570B9CE2}.Debug|x64.Build.0 = Debug|Any CPU
		{9FD6BBBE-B541-4159-A3CD-23E5570B9CE2}.Debug|x86.ActiveCfg = Debug|Any CPU
		{9FD6BBBE-B541-4159-A3CD-23E5570B9CE2}.Debug|x86.Build.0 = Debug|Any CPU
		{9FD6BBBE-B541-4159-A3CD-23E5570B9CE2}.Release|Any CPU.ActiveCfg = Release|Any CPU
		{9FD6BBBE-B541-4159-A3CD-23E5570B9CE2}.Release|Any CPU.Build.0 = Release|Any CPU
		{9FD6BBBE-B541-4159-A3CD-23E5570B9CE2}.Release|x64.ActiveCfg = Release|Any CPU
		{9FD6BBBE-B541-4159-A3CD-23E5570B9CE2}.Release|x64.Build.0 = Release|Any CPU
		{9FD6BBBE-B541-4159-A3CD-23E5570B9CE2}.Release|x86.ActiveCfg = Release|Any CPU
		{9FD6BBBE-B541-4159-A3CD-23E5570B9CE2}.Release|x86.Build.0 = Release|Any CPU
		{745B1EE1-9A38-4A0B-9886-1ECBFF6C8627}.Debug|Any CPU.ActiveCfg = Debug|Any CPU
		{745B1EE1-9A38-4A0B-9886-1ECBFF6C8627}.Debug|Any CPU.Build.0 = Debug|Any CPU
		{745B1EE1-9A38-4A0B-9886-1ECBFF6C8627}.Debug|x64.ActiveCfg = Debug|Any CPU
		{745B1EE1-9A38-4A0B-9886-1ECBFF6C8627}.Debug|x64.Build.0 = Debug|Any CPU
		{745B1EE1-9A38-4A0B-9886-1ECBFF6C8627}.Debug|x86.ActiveCfg = Debug|Any CPU
		{745B1EE1-9A38-4A0B-9886-1ECBFF6C8627}.Debug|x86.Build.0 = Debug|Any CPU
		{745B1EE1-9A38-4A0B-9886-1ECBFF6C8627}.Release|Any CPU.ActiveCfg = Release|Any CPU
		{745B1EE1-9A38-4A0B-9886-1ECBFF6C8627}.Release|Any CPU.Build.0 = Release|Any CPU
		{745B1EE1-9A38-4A0B-9886-1ECBFF6C8627}.Release|x64.ActiveCfg = Release|Any CPU
		{745B1EE1-9A38-4A0B-9886-1ECBFF6C8627}.Release|x64.Build.0 = Release|Any CPU
		{745B1EE1-9A38-4A0B-9886-1ECBFF6C8627}.Release|x86.ActiveCfg = Release|Any CPU
		{745B1EE1-9A38-4A0B-9886-1ECBFF6C8627}.Release|x86.Build.0 = Release|Any CPU
		{931A6D81-6B0B-4704-89FE-2C5DF84BD69A}.Debug|Any CPU.ActiveCfg = Debug|Any CPU
		{931A6D81-6B0B-4704-89FE-2C5DF84BD69A}.Debug|Any CPU.Build.0 = Debug|Any CPU
		{931A6D81-6B0B-4704-89FE-2C5DF84BD69A}.Debug|x64.ActiveCfg = Debug|Any CPU
		{931A6D81-6B0B-4704-89FE-2C5DF84BD69A}.Debug|x64.Build.0 = Debug|Any CPU
		{931A6D81-6B0B-4704-89FE-2C5DF84BD69A}.Debug|x86.ActiveCfg = Debug|Any CPU
		{931A6D81-6B0B-4704-89FE-2C5DF84BD69A}.Debug|x86.Build.0 = Debug|Any CPU
		{931A6D81-6B0B-4704-89FE-2C5DF84BD69A}.Release|Any CPU.ActiveCfg = Release|Any CPU
		{931A6D81-6B0B-4704-89FE-2C5DF84BD69A}.Release|Any CPU.Build.0 = Release|Any CPU
		{931A6D81-6B0B-4704-89FE-2C5DF84BD69A}.Release|x64.ActiveCfg = Release|Any CPU
		{931A6D81-6B0B-4704-89FE-2C5DF84BD69A}.Release|x64.Build.0 = Release|Any CPU
		{931A6D81-6B0B-4704-89FE-2C5DF84BD69A}.Release|x86.ActiveCfg = Release|Any CPU
		{931A6D81-6B0B-4704-89FE-2C5DF84BD69A}.Release|x86.Build.0 = Release|Any CPU
		{9909CF1C-A41B-42EE-8262-B6A5A96200AB}.Debug|Any CPU.ActiveCfg = Debug|Any CPU
		{9909CF1C-A41B-42EE-8262-B6A5A96200AB}.Debug|Any CPU.Build.0 = Debug|Any CPU
		{9909CF1C-A41B-42EE-8262-B6A5A96200AB}.Debug|x64.ActiveCfg = Debug|Any CPU
		{9909CF1C-A41B-42EE-8262-B6A5A96200AB}.Debug|x64.Build.0 = Debug|Any CPU
		{9909CF1C-A41B-42EE-8262-B6A5A96200AB}.Debug|x86.ActiveCfg = Debug|Any CPU
		{9909CF1C-A41B-42EE-8262-B6A5A96200AB}.Debug|x86.Build.0 = Debug|Any CPU
		{9909CF1C-A41B-42EE-8262-B6A5A96200AB}.Release|Any CPU.ActiveCfg = Release|Any CPU
		{9909CF1C-A41B-42EE-8262-B6A5A96200AB}.Release|Any CPU.Build.0 = Release|Any CPU
		{9909CF1C-A41B-42EE-8262-B6A5A96200AB}.Release|x64.ActiveCfg = Release|Any CPU
		{9909CF1C-A41B-42EE-8262-B6A5A96200AB}.Release|x64.Build.0 = Release|Any CPU
		{9909CF1C-A41B-42EE-8262-B6A5A96200AB}.Release|x86.ActiveCfg = Release|Any CPU
		{9909CF1C-A41B-42EE-8262-B6A5A96200AB}.Release|x86.Build.0 = Release|Any CPU
		{5EE5D034-769E-4592-9AB0-B48FC9C8C7B4}.Debug|Any CPU.ActiveCfg = Debug|Any CPU
		{5EE5D034-769E-4592-9AB0-B48FC9C8C7B4}.Debug|Any CPU.Build.0 = Debug|Any CPU
		{5EE5D034-769E-4592-9AB0-B48FC9C8C7B4}.Debug|x64.ActiveCfg = Debug|Any CPU
		{5EE5D034-769E-4592-9AB0-B48FC9C8C7B4}.Debug|x64.Build.0 = Debug|Any CPU
		{5EE5D034-769E-4592-9AB0-B48FC9C8C7B4}.Debug|x86.ActiveCfg = Debug|Any CPU
		{5EE5D034-769E-4592-9AB0-B48FC9C8C7B4}.Debug|x86.Build.0 = Debug|Any CPU
		{5EE5D034-769E-4592-9AB0-B48FC9C8C7B4}.Release|Any CPU.ActiveCfg = Release|Any CPU
		{5EE5D034-769E-4592-9AB0-B48FC9C8C7B4}.Release|Any CPU.Build.0 = Release|Any CPU
		{5EE5D034-769E-4592-9AB0-B48FC9C8C7B4}.Release|x64.ActiveCfg = Release|Any CPU
		{5EE5D034-769E-4592-9AB0-B48FC9C8C7B4}.Release|x64.Build.0 = Release|Any CPU
		{5EE5D034-769E-4592-9AB0-B48FC9C8C7B4}.Release|x86.ActiveCfg = Release|Any CPU
		{5EE5D034-769E-4592-9AB0-B48FC9C8C7B4}.Release|x86.Build.0 = Release|Any CPU
		{CF40FB9D-B1D1-4B55-9AA1-703979F17D50}.Debug|Any CPU.ActiveCfg = Debug|Any CPU
		{CF40FB9D-B1D1-4B55-9AA1-703979F17D50}.Debug|Any CPU.Build.0 = Debug|Any CPU
		{CF40FB9D-B1D1-4B55-9AA1-703979F17D50}.Debug|x64.ActiveCfg = Debug|Any CPU
		{CF40FB9D-B1D1-4B55-9AA1-703979F17D50}.Debug|x64.Build.0 = Debug|Any CPU
		{CF40FB9D-B1D1-4B55-9AA1-703979F17D50}.Debug|x86.ActiveCfg = Debug|Any CPU
		{CF40FB9D-B1D1-4B55-9AA1-703979F17D50}.Debug|x86.Build.0 = Debug|Any CPU
		{CF40FB9D-B1D1-4B55-9AA1-703979F17D50}.Release|Any CPU.ActiveCfg = Release|Any CPU
		{CF40FB9D-B1D1-4B55-9AA1-703979F17D50}.Release|Any CPU.Build.0 = Release|Any CPU
		{CF40FB9D-B1D1-4B55-9AA1-703979F17D50}.Release|x64.ActiveCfg = Release|Any CPU
		{CF40FB9D-B1D1-4B55-9AA1-703979F17D50}.Release|x64.Build.0 = Release|Any CPU
		{CF40FB9D-B1D1-4B55-9AA1-703979F17D50}.Release|x86.ActiveCfg = Release|Any CPU
		{CF40FB9D-B1D1-4B55-9AA1-703979F17D50}.Release|x86.Build.0 = Release|Any CPU
		{E5C74F06-161F-4D76-A78A-D18CF050027F}.Debug|Any CPU.ActiveCfg = Debug|Any CPU
		{E5C74F06-161F-4D76-A78A-D18CF050027F}.Debug|Any CPU.Build.0 = Debug|Any CPU
		{E5C74F06-161F-4D76-A78A-D18CF050027F}.Debug|x64.ActiveCfg = Debug|Any CPU
		{E5C74F06-161F-4D76-A78A-D18CF050027F}.Debug|x64.Build.0 = Debug|Any CPU
		{E5C74F06-161F-4D76-A78A-D18CF050027F}.Debug|x86.ActiveCfg = Debug|Any CPU
		{E5C74F06-161F-4D76-A78A-D18CF050027F}.Debug|x86.Build.0 = Debug|Any CPU
		{E5C74F06-161F-4D76-A78A-D18CF050027F}.Release|Any CPU.ActiveCfg = Release|Any CPU
		{E5C74F06-161F-4D76-A78A-D18CF050027F}.Release|Any CPU.Build.0 = Release|Any CPU
		{E5C74F06-161F-4D76-A78A-D18CF050027F}.Release|x64.ActiveCfg = Release|Any CPU
		{E5C74F06-161F-4D76-A78A-D18CF050027F}.Release|x64.Build.0 = Release|Any CPU
		{E5C74F06-161F-4D76-A78A-D18CF050027F}.Release|x86.ActiveCfg = Release|Any CPU
		{E5C74F06-161F-4D76-A78A-D18CF050027F}.Release|x86.Build.0 = Release|Any CPU
		{A972A06C-0ABD-4C95-B379-7C66AF0EE524}.Debug|Any CPU.ActiveCfg = Debug|Any CPU
		{A972A06C-0ABD-4C95-B379-7C66AF0EE524}.Debug|Any CPU.Build.0 = Debug|Any CPU
		{A972A06C-0ABD-4C95-B379-7C66AF0EE524}.Debug|x64.ActiveCfg = Debug|Any CPU
		{A972A06C-0ABD-4C95-B379-7C66AF0EE524}.Debug|x64.Build.0 = Debug|Any CPU
		{A972A06C-0ABD-4C95-B379-7C66AF0EE524}.Debug|x86.ActiveCfg = Debug|Any CPU
		{A972A06C-0ABD-4C95-B379-7C66AF0EE524}.Debug|x86.Build.0 = Debug|Any CPU
		{A972A06C-0ABD-4C95-B379-7C66AF0EE524}.Release|Any CPU.ActiveCfg = Debug|Any CPU
		{A972A06C-0ABD-4C95-B379-7C66AF0EE524}.Release|Any CPU.Build.0 = Debug|Any CPU
		{A972A06C-0ABD-4C95-B379-7C66AF0EE524}.Release|x64.ActiveCfg = Debug|Any CPU
		{A972A06C-0ABD-4C95-B379-7C66AF0EE524}.Release|x64.Build.0 = Debug|Any CPU
		{A972A06C-0ABD-4C95-B379-7C66AF0EE524}.Release|x86.ActiveCfg = Debug|Any CPU
		{A972A06C-0ABD-4C95-B379-7C66AF0EE524}.Release|x86.Build.0 = Debug|Any CPU
		{BABBD922-9F0E-45F5-8C53-32EDA12A7489}.Debug|Any CPU.ActiveCfg = Debug|Any CPU
		{BABBD922-9F0E-45F5-8C53-32EDA12A7489}.Debug|Any CPU.Build.0 = Debug|Any CPU
		{BABBD922-9F0E-45F5-8C53-32EDA12A7489}.Debug|x64.ActiveCfg = Debug|Any CPU
		{BABBD922-9F0E-45F5-8C53-32EDA12A7489}.Debug|x64.Build.0 = Debug|Any CPU
		{BABBD922-9F0E-45F5-8C53-32EDA12A7489}.Debug|x86.ActiveCfg = Debug|Any CPU
		{BABBD922-9F0E-45F5-8C53-32EDA12A7489}.Debug|x86.Build.0 = Debug|Any CPU
		{BABBD922-9F0E-45F5-8C53-32EDA12A7489}.Release|Any CPU.ActiveCfg = Release|Any CPU
		{BABBD922-9F0E-45F5-8C53-32EDA12A7489}.Release|Any CPU.Build.0 = Release|Any CPU
		{BABBD922-9F0E-45F5-8C53-32EDA12A7489}.Release|x64.ActiveCfg = Release|Any CPU
		{BABBD922-9F0E-45F5-8C53-32EDA12A7489}.Release|x64.Build.0 = Release|Any CPU
		{BABBD922-9F0E-45F5-8C53-32EDA12A7489}.Release|x86.ActiveCfg = Release|Any CPU
		{BABBD922-9F0E-45F5-8C53-32EDA12A7489}.Release|x86.Build.0 = Release|Any CPU
		{7893E1A9-A9EE-4110-A45E-3A3119CEBBDD}.Debug|Any CPU.ActiveCfg = Debug|Any CPU
		{7893E1A9-A9EE-4110-A45E-3A3119CEBBDD}.Debug|Any CPU.Build.0 = Debug|Any CPU
		{7893E1A9-A9EE-4110-A45E-3A3119CEBBDD}.Debug|x64.ActiveCfg = Debug|Any CPU
		{7893E1A9-A9EE-4110-A45E-3A3119CEBBDD}.Debug|x64.Build.0 = Debug|Any CPU
		{7893E1A9-A9EE-4110-A45E-3A3119CEBBDD}.Debug|x86.ActiveCfg = Debug|Any CPU
		{7893E1A9-A9EE-4110-A45E-3A3119CEBBDD}.Debug|x86.Build.0 = Debug|Any CPU
		{7893E1A9-A9EE-4110-A45E-3A3119CEBBDD}.Release|Any CPU.ActiveCfg = Release|Any CPU
		{7893E1A9-A9EE-4110-A45E-3A3119CEBBDD}.Release|Any CPU.Build.0 = Release|Any CPU
		{7893E1A9-A9EE-4110-A45E-3A3119CEBBDD}.Release|x64.ActiveCfg = Release|Any CPU
		{7893E1A9-A9EE-4110-A45E-3A3119CEBBDD}.Release|x64.Build.0 = Release|Any CPU
		{7893E1A9-A9EE-4110-A45E-3A3119CEBBDD}.Release|x86.ActiveCfg = Release|Any CPU
		{7893E1A9-A9EE-4110-A45E-3A3119CEBBDD}.Release|x86.Build.0 = Release|Any CPU
	EndGlobalSection
	GlobalSection(NestedProjects) = preSolution
		{6356AEC7-92AA-4075-A666-370218878164} = {F72A8E5C-305B-43A3-858E-990F80C9FAEF}
		{2ABD1941-2507-4140-BC03-3B11CB64AF3B} = {F72A8E5C-305B-43A3-858E-990F80C9FAEF}
		{5192CD86-3E97-4386-9100-6EA69A190E4C} = {F72A8E5C-305B-43A3-858E-990F80C9FAEF}
		{C00D1F70-B34C-43D9-AEEF-EE09E002320E} = {F72A8E5C-305B-43A3-858E-990F80C9FAEF}
		{F654E7DD-A4C3-4DD9-A2FE-084CFDECDAEB} = {F72A8E5C-305B-43A3-858E-990F80C9FAEF}
		{7E674A1F-29A7-421D-8C05-B46281B490A8} = {F72A8E5C-305B-43A3-858E-990F80C9FAEF}
		{855A01CD-E3DE-4C9B-BB72-7E013170B148} = {F72A8E5C-305B-43A3-858E-990F80C9FAEF}
		{9FD6BBBE-B541-4159-A3CD-23E5570B9CE2} = {A9398477-C27B-4E95-A556-10150C4A858D}
		{745B1EE1-9A38-4A0B-9886-1ECBFF6C8627} = {A9398477-C27B-4E95-A556-10150C4A858D}
		{931A6D81-6B0B-4704-89FE-2C5DF84BD69A} = {A9398477-C27B-4E95-A556-10150C4A858D}
		{9909CF1C-A41B-42EE-8262-B6A5A96200AB} = {A9398477-C27B-4E95-A556-10150C4A858D}
		{5EE5D034-769E-4592-9AB0-B48FC9C8C7B4} = {A9398477-C27B-4E95-A556-10150C4A858D}
		{CF40FB9D-B1D1-4B55-9AA1-703979F17D50} = {A9398477-C27B-4E95-A556-10150C4A858D}
		{E5C74F06-161F-4D76-A78A-D18CF050027F} = {B3F140A8-02C1-41AA-B33D-B1CEC31F5B3D}
		{A972A06C-0ABD-4C95-B379-7C66AF0EE524} = {B3F140A8-02C1-41AA-B33D-B1CEC31F5B3D}
		{BABBD922-9F0E-45F5-8C53-32EDA12A7489} = {B3F140A8-02C1-41AA-B33D-B1CEC31F5B3D}
		{7893E1A9-A9EE-4110-A45E-3A3119CEBBDD} = {B3F140A8-02C1-41AA-B33D-B1CEC31F5B3D}
	EndGlobalSection
EndGlobal
